
Microsoft Visual Studio Solution File, Format Version 12.00
# Visual Studio Version 16
VisualStudioVersion = 16.0.31005.135
MinimumVisualStudioVersion = 10.0.40219.1
Project("{FAE04EC0-301F-11D3-BF4B-00C04F79EFBC}") = "EnvironmentsTest", "EnvironmentsTest\EnvironmentsTest.csproj", "{A1FFE1AD-6C0C-4B30-A111-C846601073CC}"
EndProject
Global
	GlobalSection(SolutionConfigurationPlatforms) = preSolution
		Debug|Any CPU = Debug|Any CPU
		Release|Any CPU = Release|Any CPU
	EndGlobalSection
	GlobalSection(ProjectConfigurationPlatforms) = postSolution
		{A1FFE1AD-6C0C-4B30-A111-C846601073CC}.Debug|Any CPU.ActiveCfg = Debug|Any CPU
		{A1FFE1AD-6C0C-4B30-A111-C846601073CC}.Debug|Any CPU.Build.0 = Debug|Any CPU
		{A1FFE1AD-6C0C-4B30-A111-C846601073CC}.Release|Any CPU.ActiveCfg = Release|Any CPU
		{A1FFE1AD-6C0C-4B30-A111-C846601073CC}.Release|Any CPU.Build.0 = Release|Any CPU
	EndGlobalSection
	GlobalSection(SolutionProperties) = preSolution
		HideSolutionNode = FALSE
	EndGlobalSection
	GlobalSection(ExtensibilityGlobals) = postSolution
		SolutionGuid = {D0DA2DB0-9F1F-40E9-B8C8-B5D3CD44E961}
	EndGlobalSection
EndGlobal
